
Microsoft Visual Studio Solution File, Format Version 12.00
# Visual Studio Version 16
VisualStudioVersion = 16.0.31911.196
MinimumVisualStudioVersion = 10.0.40219.1
Project("{8BC9CEB8-8B4A-11D0-8D11-00A0C91BC942}") = "Task17_x_Game", "Task17_x_Game.vcxproj", "{035F246C-F843-4BBD-BD1F-C23044A787D8}"
EndProject
Global
	GlobalSection(SolutionConfigurationPlatforms) = preSolution
		Debug|x64 = Debug|x64
		Debug|x86 = Debug|x86
		Release|x64 = Release|x64
		Release|x86 = Release|x86
	EndGlobalSection
	GlobalSection(ProjectConfigurationPlatforms) = postSolution
		{035F246C-F843-4BBD-BD1F-C23044A787D8}.Debug|x64.ActiveCfg = Debug|x64
		{035F246C-F843-4BBD-BD1F-C23044A787D8}.Debug|x64.Build.0 = Debug|x64
		{035F246C-F843-4BBD-BD1F-C23044A787D8}.Debug|x86.ActiveCfg = Debug|Win32
		{035F246C-F843-4BBD-BD1F-C23044A787D8}.Debug|x86.Build.0 = Debug|Win32
		{035F246C-F843-4BBD-BD1F-C23044A787D8}.Release|x64.ActiveCfg = Release|x64
		{035F246C-F843-4BBD-BD1F-C23044A787D8}.Release|x64.Build.0 = Release|x64
		{035F246C-F843-4BBD-BD1F-C23044A787D8}.Release|x86.ActiveCfg = Release|Win32
		{035F246C-F843-4BBD-BD1F-C23044A787D8}.Release|x86.Build.0 = Release|Win32
	EndGlobalSection
	GlobalSection(SolutionProperties) = preSolution
		HideSolutionNode = FALSE
	EndGlobalSection
	GlobalSection(ExtensibilityGlobals) = postSolution
		SolutionGuid = {27DCC4A3-73D3-4681-B7BF-D92E8E9D0C10}
	EndGlobalSection
EndGlobal
