
Microsoft Visual Studio Solution File, Format Version 12.00
# Visual Studio Version 16
VisualStudioVersion = 16.0.31911.196
MinimumVisualStudioVersion = 10.0.40219.1
Project("{8BC9CEB8-8B4A-11D0-8D11-00A0C91BC942}") = "Task12_x_Blackjack", "Task12_x_Blackjack.vcxproj", "{C780B883-E5A1-4DEC-A072-214654E85633}"
EndProject
Global
	GlobalSection(SolutionConfigurationPlatforms) = preSolution
		Debug|x64 = Debug|x64
		Debug|x86 = Debug|x86
		Release|x64 = Release|x64
		Release|x86 = Release|x86
	EndGlobalSection
	GlobalSection(ProjectConfigurationPlatforms) = postSolution
		{C780B883-E5A1-4DEC-A072-214654E85633}.Debug|x64.ActiveCfg = Debug|x64
		{C780B883-E5A1-4DEC-A072-214654E85633}.Debug|x64.Build.0 = Debug|x64
		{C780B883-E5A1-4DEC-A072-214654E85633}.Debug|x86.ActiveCfg = Debug|Win32
		{C780B883-E5A1-4DEC-A072-214654E85633}.Debug|x86.Build.0 = Debug|Win32
		{C780B883-E5A1-4DEC-A072-214654E85633}.Release|x64.ActiveCfg = Release|x64
		{C780B883-E5A1-4DEC-A072-214654E85633}.Release|x64.Build.0 = Release|x64
		{C780B883-E5A1-4DEC-A072-214654E85633}.Release|x86.ActiveCfg = Release|Win32
		{C780B883-E5A1-4DEC-A072-214654E85633}.Release|x86.Build.0 = Release|Win32
	EndGlobalSection
	GlobalSection(SolutionProperties) = preSolution
		HideSolutionNode = FALSE
	EndGlobalSection
	GlobalSection(ExtensibilityGlobals) = postSolution
		SolutionGuid = {0853D419-C750-40FC-8D83-C99B86BD33D5}
	EndGlobalSection
EndGlobal
