
Microsoft Visual Studio Solution File, Format Version 12.00
# Visual Studio Version 16
VisualStudioVersion = 16.0.31911.196
MinimumVisualStudioVersion = 10.0.40219.1
Project("{8BC9CEB8-8B4A-11D0-8D11-00A0C91BC942}") = "Task6_3", "Task6_3.vcxproj", "{D71DC8E2-9B97-499F-B86B-11A95DA0DC66}"
EndProject
Global
	GlobalSection(SolutionConfigurationPlatforms) = preSolution
		Debug|x64 = Debug|x64
		Debug|x86 = Debug|x86
		Release|x64 = Release|x64
		Release|x86 = Release|x86
	EndGlobalSection
	GlobalSection(ProjectConfigurationPlatforms) = postSolution
		{D71DC8E2-9B97-499F-B86B-11A95DA0DC66}.Debug|x64.ActiveCfg = Debug|x64
		{D71DC8E2-9B97-499F-B86B-11A95DA0DC66}.Debug|x64.Build.0 = Debug|x64
		{D71DC8E2-9B97-499F-B86B-11A95DA0DC66}.Debug|x86.ActiveCfg = Debug|Win32
		{D71DC8E2-9B97-499F-B86B-11A95DA0DC66}.Debug|x86.Build.0 = Debug|Win32
		{D71DC8E2-9B97-499F-B86B-11A95DA0DC66}.Release|x64.ActiveCfg = Release|x64
		{D71DC8E2-9B97-499F-B86B-11A95DA0DC66}.Release|x64.Build.0 = Release|x64
		{D71DC8E2-9B97-499F-B86B-11A95DA0DC66}.Release|x86.ActiveCfg = Release|Win32
		{D71DC8E2-9B97-499F-B86B-11A95DA0DC66}.Release|x86.Build.0 = Release|Win32
	EndGlobalSection
	GlobalSection(SolutionProperties) = preSolution
		HideSolutionNode = FALSE
	EndGlobalSection
	GlobalSection(ExtensibilityGlobals) = postSolution
		SolutionGuid = {D3DAD2F2-4341-4F94-811E-9391DC95603E}
	EndGlobalSection
EndGlobal
