
Microsoft Visual Studio Solution File, Format Version 12.00
# Visual Studio Version 16
VisualStudioVersion = 16.0.31911.196
MinimumVisualStudioVersion = 10.0.40219.1
Project("{8BC9CEB8-8B4A-11D0-8D11-00A0C91BC942}") = "TaskO_3", "TaskO_3.vcxproj", "{7F40AE5F-058C-46D0-A484-99804F2D44B5}"
EndProject
Global
	GlobalSection(SolutionConfigurationPlatforms) = preSolution
		Debug|x64 = Debug|x64
		Debug|x86 = Debug|x86
		Release|x64 = Release|x64
		Release|x86 = Release|x86
	EndGlobalSection
	GlobalSection(ProjectConfigurationPlatforms) = postSolution
		{7F40AE5F-058C-46D0-A484-99804F2D44B5}.Debug|x64.ActiveCfg = Debug|x64
		{7F40AE5F-058C-46D0-A484-99804F2D44B5}.Debug|x64.Build.0 = Debug|x64
		{7F40AE5F-058C-46D0-A484-99804F2D44B5}.Debug|x86.ActiveCfg = Debug|Win32
		{7F40AE5F-058C-46D0-A484-99804F2D44B5}.Debug|x86.Build.0 = Debug|Win32
		{7F40AE5F-058C-46D0-A484-99804F2D44B5}.Release|x64.ActiveCfg = Release|x64
		{7F40AE5F-058C-46D0-A484-99804F2D44B5}.Release|x64.Build.0 = Release|x64
		{7F40AE5F-058C-46D0-A484-99804F2D44B5}.Release|x86.ActiveCfg = Release|Win32
		{7F40AE5F-058C-46D0-A484-99804F2D44B5}.Release|x86.Build.0 = Release|Win32
	EndGlobalSection
	GlobalSection(SolutionProperties) = preSolution
		HideSolutionNode = FALSE
	EndGlobalSection
	GlobalSection(ExtensibilityGlobals) = postSolution
		SolutionGuid = {DFBE3928-F17B-4871-864A-00C93A22AE26}
	EndGlobalSection
EndGlobal
